// !$*UTF8*$!
{
	archiveVersion = 1;
	classes = {
	};
	objectVersion = 55;
	objects = {

/* Begin PBXBuildFile section */
		2C53FE9E2894EF820078C85A /* main.m in Sources */ = {isa = PBXBuildFile; fileRef = 2C53FE9D2894EF820078C85A /* main.m */; };
		2C53FEAF289502130078C85A /* SayHelloWorld.m in Sources */ = {isa = PBXBuildFile; fileRef = 2C53FEAE289502130078C85A /* SayHelloWorld.m */; };
		2C53FEB22895031F0078C85A /* Integer.m in Sources */ = {isa = PBXBuildFile; fileRef = 2C53FEB12895031F0078C85A /* Integer.m */; };
		2C53FEBB2895068F0078C85A /* Integer+Arithmetic.m in Sources */ = {isa = PBXBuildFile; fileRef = 2C53FEBA2895068F0078C85A /* Integer+Arithmetic.m */; };
		2C53FEBF289508C10078C85A /* Integer+Display.m in Sources */ = {isa = PBXBuildFile; fileRef = 2C53FEBE289508C10078C85A /* Integer+Display.m */; };
		2C53FEC328965B610078C85A /* Person.m in Sources */ = {isa = PBXBuildFile; fileRef = 2C53FEC228965B610078C85A /* Person.m */; };
		2CC9880E2896C42B000BB188 /* Student.m in Sources */ = {isa = PBXBuildFile; fileRef = 2CC9880D2896C42B000BB188 /* Student.m */; };
		2CC988112896CACE000BB188 /* ClassManager.m in Sources */ = {isa = PBXBuildFile; fileRef = 2CC988102896CACE000BB188 /* ClassManager.m */; };
/* End PBXBuildFile section */

/* Begin PBXCopyFilesBuildPhase section */
		2C53FE982894EF820078C85A /* CopyFiles */ = {
			isa = PBXCopyFilesBuildPhase;
			buildActionMask = 2147483647;
			dstPath = /usr/share/man/man1/;
			dstSubfolderSpec = 0;
			files = (
			);
			runOnlyForDeploymentPostprocessing = 1;
		};
/* End PBXCopyFilesBuildPhase section */

/* Begin PBXFileReference section */
		2C53FE9A2894EF820078C85A /* studyObjc */ = {isa = PBXFileReference; explicitFileType = "compiled.mach-o.executable"; includeInIndex = 0; path = studyObjc; sourceTree = BUILT_PRODUCTS_DIR; };
		2C53FE9D2894EF820078C85A /* main.m */ = {isa = PBXFileReference; lastKnownFileType = sourcecode.c.objc; path = main.m; sourceTree = "<group>"; };
		2C53FEAD289502130078C85A /* SayHelloWorld.h */ = {isa = PBXFileReference; lastKnownFileType = sourcecode.c.h; path = SayHelloWorld.h; sourceTree = "<group>"; };
		2C53FEAE289502130078C85A /* SayHelloWorld.m */ = {isa = PBXFileReference; lastKnownFileType = sourcecode.c.objc; path = SayHelloWorld.m; sourceTree = "<group>"; };
		2C53FEB02895031F0078C85A /* Integer.h */ = {isa = PBXFileReference; lastKnownFileType = sourcecode.c.h; path = Integer.h; sourceTree = "<group>"; };
		2C53FEB12895031F0078C85A /* Integer.m */ = {isa = PBXFileReference; lastKnownFileType = sourcecode.c.objc; path = Integer.m; sourceTree = "<group>"; };
		2C53FEB92895068F0078C85A /* Integer+Arithmetic.h */ = {isa = PBXFileReference; lastKnownFileType = sourcecode.c.h; path = "Integer+Arithmetic.h"; sourceTree = "<group>"; };
		2C53FEBA2895068F0078C85A /* Integer+Arithmetic.m */ = {isa = PBXFileReference; lastKnownFileType = sourcecode.c.objc; path = "Integer+Arithmetic.m"; sourceTree = "<group>"; };
		2C53FEBD289508C10078C85A /* Integer+Display.h */ = {isa = PBXFileReference; lastKnownFileType = sourcecode.c.h; path = "Integer+Display.h"; sourceTree = "<group>"; };
		2C53FEBE289508C10078C85A /* Integer+Display.m */ = {isa = PBXFileReference; lastKnownFileType = sourcecode.c.objc; path = "Integer+Display.m"; sourceTree = "<group>"; };
		2C53FEC128965B610078C85A /* Person.h */ = {isa = PBXFileReference; lastKnownFileType = sourcecode.c.h; path = Person.h; sourceTree = "<group>"; };
		2C53FEC228965B610078C85A /* Person.m */ = {isa = PBXFileReference; lastKnownFileType = sourcecode.c.objc; path = Person.m; sourceTree = "<group>"; };
		2CC9880C2896C42B000BB188 /* Student.h */ = {isa = PBXFileReference; lastKnownFileType = sourcecode.c.h; path = Student.h; sourceTree = "<group>"; };
		2CC9880D2896C42B000BB188 /* Student.m */ = {isa = PBXFileReference; lastKnownFileType = sourcecode.c.objc; path = Student.m; sourceTree = "<group>"; };
		2CC9880F2896CACE000BB188 /* ClassManager.h */ = {isa = PBXFileReference; lastKnownFileType = sourcecode.c.h; path = ClassManager.h; sourceTree = "<group>"; };
		2CC988102896CACE000BB188 /* ClassManager.m */ = {isa = PBXFileReference; lastKnownFileType = sourcecode.c.objc; path = ClassManager.m; sourceTree = "<group>"; };
		2CC988122896D233000BB188 /* stuList.plist */ = {isa = PBXFileReference; lastKnownFileType = text.plist.xml; path = stuList.plist; sourceTree = "<group>"; };
/* End PBXFileReference section */

/* Begin PBXFrameworksBuildPhase section */
		2C53FE972894EF820078C85A /* Frameworks */ = {
			isa = PBXFrameworksBuildPhase;
			buildActionMask = 2147483647;
			files = (
			);
			runOnlyForDeploymentPostprocessing = 0;
		};
/* End PBXFrameworksBuildPhase section */

/* Begin PBXGroup section */
		2C53FE912894EF820078C85A = {
			isa = PBXGroup;
			children = (
				2CC9880B2896C3E3000BB188 /* 11_student_manager */,
				2C53FEC028965B140078C85A /* 2_class */,
				2C53FEAA289500560078C85A /* 10_category */,
				2C53FE9C2894EF820078C85A /* 1_hello_world */,
				2C53FE9D2894EF820078C85A /* main.m */,
				2C53FE9B2894EF820078C85A /* Products */,
			);
			sourceTree = "<group>";
		};
		2C53FE9B2894EF820078C85A /* Products */ = {
			isa = PBXGroup;
			children = (
				2C53FE9A2894EF820078C85A /* studyObjc */,
			);
			name = Products;
			sourceTree = "<group>";
		};
		2C53FE9C2894EF820078C85A /* 1_hello_world */ = {
			isa = PBXGroup;
			children = (
				2C53FEAD289502130078C85A /* SayHelloWorld.h */,
				2C53FEAE289502130078C85A /* SayHelloWorld.m */,
			);
			path = 1_hello_world;
			sourceTree = "<group>";
		};
		2C53FEAA289500560078C85A /* 10_category */ = {
			isa = PBXGroup;
			children = (
				2C53FEB02895031F0078C85A /* Integer.h */,
				2C53FEB12895031F0078C85A /* Integer.m */,
				2C53FEB92895068F0078C85A /* Integer+Arithmetic.h */,
				2C53FEBA2895068F0078C85A /* Integer+Arithmetic.m */,
				2C53FEBD289508C10078C85A /* Integer+Display.h */,
				2C53FEBE289508C10078C85A /* Integer+Display.m */,
			);
			path = 10_category;
			sourceTree = "<group>";
		};
		2C53FEC028965B140078C85A /* 2_class */ = {
			isa = PBXGroup;
			children = (
				2C53FEC128965B610078C85A /* Person.h */,
				2C53FEC228965B610078C85A /* Person.m */,
			);
			path = 2_class;
			sourceTree = "<group>";
		};
		2CC9880B2896C3E3000BB188 /* 11_student_manager */ = {
			isa = PBXGroup;
			children = (
				2CC9880C2896C42B000BB188 /* Student.h */,
				2CC9880D2896C42B000BB188 /* Student.m */,
				2CC9880F2896CACE000BB188 /* ClassManager.h */,
				2CC988102896CACE000BB188 /* ClassManager.m */,
				2CC988122896D233000BB188 /* stuList.plist */,
			);
			path = 11_student_manager;
			sourceTree = "<group>";
		};
/* End PBXGroup section */

/* Begin PBXNativeTarget section */
		2C53FE992894EF820078C85A /* studyObjc */ = {
			isa = PBXNativeTarget;
			buildConfigurationList = 2C53FEA12894EF820078C85A /* Build configuration list for PBXNativeTarget "studyObjc" */;
			buildPhases = (
				2C53FE962894EF820078C85A /* Sources */,
				2C53FE972894EF820078C85A /* Frameworks */,
				2C53FE982894EF820078C85A /* CopyFiles */,
			);
			buildRules = (
			);
			dependencies = (
			);
			name = studyObjc;
			productName = studyObjc;
			productReference = 2C53FE9A2894EF820078C85A /* studyObjc */;
			productType = "com.apple.product-type.tool";
		};
/* End PBXNativeTarget section */

/* Begin PBXProject section */
		2C53FE922894EF820078C85A /* Project object */ = {
			isa = PBXProject;
			attributes = {
				BuildIndependentTargetsInParallel = 1;
				LastUpgradeCheck = 1340;
				TargetAttributes = {
					2C53FE992894EF820078C85A = {
						CreatedOnToolsVersion = 13.4;
					};
				};
			};
			buildConfigurationList = 2C53FE952894EF820078C85A /* Build configuration list for PBXProject "studyObjc" */;
			compatibilityVersion = "Xcode 13.0";
			developmentRegion = en;
			hasScannedForEncodings = 0;
			knownRegions = (
				en,
				Base,
			);
			mainGroup = 2C53FE912894EF820078C85A;
			productRefGroup = 2C53FE9B2894EF820078C85A /* Products */;
			projectDirPath = "";
			projectRoot = "";
			targets = (
				2C53FE992894EF820078C85A /* studyObjc */,
			);
		};
/* End PBXProject section */

/* Begin PBXSourcesBuildPhase section */
		2C53FE962894EF820078C85A /* Sources */ = {
			isa = PBXSourcesBuildPhase;
			buildActionMask = 2147483647;
			files = (
				2C53FEC328965B610078C85A /* Person.m in Sources */,
				2C53FEBF289508C10078C85A /* Integer+Display.m in Sources */,
				2CC988112896CACE000BB188 /* ClassManager.m in Sources */,
				2C53FEB22895031F0078C85A /* Integer.m in Sources */,
				2C53FE9E2894EF820078C85A /* main.m in Sources */,
				2CC9880E2896C42B000BB188 /* Student.m in Sources */,
				2C53FEBB2895068F0078C85A /* Integer+Arithmetic.m in Sources */,
				2C53FEAF289502130078C85A /* SayHelloWorld.m in Sources */,
			);
			runOnlyForDeploymentPostprocessing = 0;
		};
/* End PBXSourcesBuildPhase section */

/* Begin XCBuildConfiguration section */
		2C53FE9F2894EF820078C85A /* Debug */ = {
			isa = XCBuildConfiguration;
			buildSettings = {
				ALWAYS_SEARCH_USER_PATHS = NO;
				CLANG_ANALYZER_NONNULL = YES;
				CLANG_ANALYZER_NUMBER_OBJECT_CONVERSION = YES_AGGRESSIVE;
				CLANG_CXX_LANGUAGE_STANDARD = "gnu++17";
				CLANG_ENABLE_MODULES = YES;
				CLANG_ENABLE_OBJC_ARC = YES;
				CLANG_ENABLE_OBJC_WEAK = YES;
				CLANG_WARN_BLOCK_CAPTURE_AUTORELEASING = YES;
				CLANG_WARN_BOOL_CONVERSION = YES;
				CLANG_WARN_COMMA = YES;
				CLANG_WARN_CONSTANT_CONVERSION = YES;
				CLANG_WARN_DEPRECATED_OBJC_IMPLEMENTATIONS = YES;
				CLANG_WARN_DIRECT_OBJC_ISA_USAGE = YES_ERROR;
				CLANG_WARN_DOCUMENTATION_COMMENTS = YES;
				CLANG_WARN_EMPTY_BODY = YES;
				CLANG_WARN_ENUM_CONVERSION = YES;
				CLANG_WARN_INFINITE_RECURSION = YES;
				CLANG_WARN_INT_CONVERSION = YES;
				CLANG_WARN_NON_LITERAL_NULL_CONVERSION = YES;
				CLANG_WARN_OBJC_IMPLICIT_RETAIN_SELF = YES;
				CLANG_WARN_OBJC_LITERAL_CONVERSION = YES;
				CLANG_WARN_OBJC_ROOT_CLASS = YES_ERROR;
				CLANG_WARN_QUOTED_INCLUDE_IN_FRAMEWORK_HEADER = YES;
				CLANG_WARN_RANGE_LOOP_ANALYSIS = YES;
				CLANG_WARN_STRICT_PROTOTYPES = YES;
				CLANG_WARN_SUSPICIOUS_MOVE = YES;
				CLANG_WARN_UNGUARDED_AVAILABILITY = YES_AGGRESSIVE;
				CLANG_WARN_UNREACHABLE_CODE = YES;
				CLANG_WARN__DUPLICATE_METHOD_MATCH = YES;
				COPY_PHASE_STRIP = NO;
				DEBUG_INFORMATION_FORMAT = dwarf;
				ENABLE_STRICT_OBJC_MSGSEND = YES;
				ENABLE_TESTABILITY = YES;
				GCC_C_LANGUAGE_STANDARD = gnu11;
				GCC_DYNAMIC_NO_PIC = NO;
				GCC_NO_COMMON_BLOCKS = YES;
				GCC_OPTIMIZATION_LEVEL = 0;
				GCC_PREPROCESSOR_DEFINITIONS = (
					"DEBUG=1",
					"$(inherited)",
				);
				GCC_WARN_64_TO_32_BIT_CONVERSION = YES;
				GCC_WARN_ABOUT_RETURN_TYPE = YES_ERROR;
				GCC_WARN_UNDECLARED_SELECTOR = YES;
				GCC_WARN_UNINITIALIZED_AUTOS = YES_AGGRESSIVE;
				GCC_WARN_UNUSED_FUNCTION = YES;
				GCC_WARN_UNUSED_VARIABLE = YES;
				MACOSX_DEPLOYMENT_TARGET = 12.3;
				MTL_ENABLE_DEBUG_INFO = INCLUDE_SOURCE;
				MTL_FAST_MATH = YES;
				ONLY_ACTIVE_ARCH = YES;
				SDKROOT = macosx;
			};
			name = Debug;
		};
		2C53FEA02894EF820078C85A /* Release */ = {
			isa = XCBuildConfiguration;
			buildSettings = {
				ALWAYS_SEARCH_USER_PATHS = NO;
				CLANG_ANALYZER_NONNULL = YES;
				CLANG_ANALYZER_NUMBER_OBJECT_CONVERSION = YES_AGGRESSIVE;
				CLANG_CXX_LANGUAGE_STANDARD = "gnu++17";
				CLANG_ENABLE_MODULES = YES;
				CLANG_ENABLE_OBJC_ARC = YES;
				CLANG_ENABLE_OBJC_WEAK = YES;
				CLANG_WARN_BLOCK_CAPTURE_AUTORELEASING = YES;
				CLANG_WARN_BOOL_CONVERSION = YES;
				CLANG_WARN_COMMA = YES;
				CLANG_WARN_CONSTANT_CONVERSION = YES;
				CLANG_WARN_DEPRECATED_OBJC_IMPLEMENTATIONS = YES;
				CLANG_WARN_DIRECT_OBJC_ISA_USAGE = YES_ERROR;
				CLANG_WARN_DOCUMENTATION_COMMENTS = YES;
				CLANG_WARN_EMPTY_BODY = YES;
				CLANG_WARN_ENUM_CONVERSION = YES;
				CLANG_WARN_INFINITE_RECURSION = YES;
				CLANG_WARN_INT_CONVERSION = YES;
				CLANG_WARN_NON_LITERAL_NULL_CONVERSION = YES;
				CLANG_WARN_OBJC_IMPLICIT_RETAIN_SELF = YES;
				CLANG_WARN_OBJC_LITERAL_CONVERSION = YES;
				CLANG_WARN_OBJC_ROOT_CLASS = YES_ERROR;
				CLANG_WARN_QUOTED_INCLUDE_IN_FRAMEWORK_HEADER = YES;
				CLANG_WARN_RANGE_LOOP_ANALYSIS = YES;
				CLANG_WARN_STRICT_PROTOTYPES = YES;
				CLANG_WARN_SUSPICIOUS_MOVE = YES;
				CLANG_WARN_UNGUARDED_AVAILABILITY = YES_AGGRESSIVE;
				CLANG_WARN_UNREACHABLE_CODE = YES;
				CLANG_WARN__DUPLICATE_METHOD_MATCH = YES;
				COPY_PHASE_STRIP = NO;
				DEBUG_INFORMATION_FORMAT = "dwarf-with-dsym";
				ENABLE_NS_ASSERTIONS = NO;
				ENABLE_STRICT_OBJC_MSGSEND = YES;
				GCC_C_LANGUAGE_STANDARD = gnu11;
				GCC_NO_COMMON_BLOCKS = YES;
				GCC_WARN_64_TO_32_BIT_CONVERSION = YES;
				GCC_WARN_ABOUT_RETURN_TYPE = YES_ERROR;
				GCC_WARN_UNDECLARED_SELECTOR = YES;
				GCC_WARN_UNINITIALIZED_AUTOS = YES_AGGRESSIVE;
				GCC_WARN_UNUSED_FUNCTION = YES;
				GCC_WARN_UNUSED_VARIABLE = YES;
				MACOSX_DEPLOYMENT_TARGET = 12.3;
				MTL_ENABLE_DEBUG_INFO = NO;
				MTL_FAST_MATH = YES;
				SDKROOT = macosx;
			};
			name = Release;
		};
		2C53FEA22894EF820078C85A /* Debug */ = {
			isa = XCBuildConfiguration;
			buildSettings = {
				CODE_SIGN_STYLE = Automatic;
				PRODUCT_NAME = "$(TARGET_NAME)";
			};
			name = Debug;
		};
		2C53FEA32894EF820078C85A /* Release */ = {
			isa = XCBuildConfiguration;
			buildSettings = {
				CODE_SIGN_STYLE = Automatic;
				PRODUCT_NAME = "$(TARGET_NAME)";
			};
			name = Release;
		};
/* End XCBuildConfiguration section */

/* Begin XCConfigurationList section */
		2C53FE952894EF820078C85A /* Build configuration list for PBXProject "studyObjc" */ = {
			isa = XCConfigurationList;
			buildConfigurations = (
				2C53FE9F2894EF820078C85A /* Debug */,
				2C53FEA02894EF820078C85A /* Release */,
			);
			defaultConfigurationIsVisible = 0;
			defaultConfigurationName = Release;
		};
		2C53FEA12894EF820078C85A /* Build configuration list for PBXNativeTarget "studyObjc" */ = {
			isa = XCConfigurationList;
			buildConfigurations = (
				2C53FEA22894EF820078C85A /* Debug */,
				2C53FEA32894EF820078C85A /* Release */,
			);
			defaultConfigurationIsVisible = 0;
			defaultConfigurationName = Release;
		};
/* End XCConfigurationList section */
	};
	rootObject = 2C53FE922894EF820078C85A /* Project object */;
}
